lockfileVersion: '9.0'

settings:
  autoInstallPeers: true
  excludeLinksFromLockfile: false

importers:

  .:
    dependencies:
      chalk:
        specifier: ^5.6.2
        version: 5.6.2
      dayjs:
        specifier: 1.11.21
        version: 1.11.21
      douyin.ts:
        specifier: ^0.6.2
        version: 0.6.2
      node-schedule:
        specifier: ^2.1.1
        version: 2.1.1
      nodemailer:
        specifier: ^7.0.6
        version: 7.0.13
      sql.js:
        specifier: ^1.13.0
        version: 1.14.2
      yaml:
        specifier: ^2.8.1
        version: 2.9.1

packages:

  '@babel/helper-string-parser@7.29.7':
    resolution: {integrity: sha512-Pb5ijPrZ89GDH8223L4UP8i6QApWxs04RbPQJTeWDV0/keR2E36MeKnyr6LYmUUvqRRI+Iv87SuF1W6ErINzYw==}
    engines: {node: '>=6.9.0'}

  '@babel/helper-validator-identifier@7.29.7':
    resolution: {integrity: sha512-qehxGkRj55h/ff8EMaJ+cYhyaKlHIxqYDn682wQD7RNp9UujOQsHog2uS0r2vzr4pW+sXf90NeeayjcNaX3fFg==}
    engines: {node: '>=6.9.0'}

  '@babel/parser@7.29.9':
    resolution: {integrity: sha512-CjXrNHTnvqBVqHgdBysY3vk2T8tpJHb5/RMeHJBTyVa9xgugCB0CJTx/3oO8RV2QRQP391RWpB7D6hLjm8V9uA==}
    engines: {node: '>=6.0.0'}
    hasBin: true

  '@babel/types@7.29.8':
    resolution: {integrity: sha512-Vj1jF3cPfxg7OAfoI7QnVKLoILlm2JF9pnVHrX8qx7AHMiYWT+NDAA7jChlNgRS4WTLc/fD1lXLmPixluj+3Gg==}
    engines: {node: '>=6.9.0'}

  '@jridgewell/sourcemap-codec@1.6.0':
    resolution: {integrity: sha512-T7jf+5zgsZHwNJ4lvQ7/aezbyk0nNX+zJVWpmHA7VYsEx7a7qr5Rg5IbtJFqkgze5Y2sruq1RUY8Q837Od7iFw==}

  '@napi-rs/image-android-arm64@1.15.0':
    resolution: {integrity: sha512-BhW7Zyk0Y17FNWcrc+7bwK8Yo9gdt/OsB5AsK3yvu+z3pCvVtztjuANNfdwcC2KHolJkJWeu42ZfC0qwBYB57A==}
    engines: {node: '>= 10'}
    cpu: [arm64]
    os: [android]

  '@napi-rs/image-darwin-arm64@1.15.0':
    resolution: {integrity: sha512-HHUDoMil1WONvbFs97FBtO2G0C6Xjzo7G4Ioywn/wmEgFFgWdlNO0n1ARp3WsnssH4j89rDEVHfkpjrwNa96OQ==}
    engines: {node: '>= 10'}
    cpu: [arm64]
    os: [darwin]

  '@napi-rs/image-darwin-x64@1.15.0':
    resolution: {integrity: sha512-CIEDQYJEjk81TIM2tpWj1T6R9RkzZU7rVwBw/6+El/tcER+v9HF4oZIp+YLUMT3G5kVXqoNtda8mRcTs9CUwMw==}
    engines: {node: '>= 10'}
    cpu: [x64]
    os: [darwin]

  '@napi-rs/image-freebsd-x64@1.15.0':
    resolution: {integrity: sha512-ztYxPGsPEpw8Odc2d9w6+gLkEe1Ocifjae938DFFKytYztRcFenFIq+6Ha6fsnr/4LtZHH70GnBwB0lhM8dwtQ==}
    engines: {node: '>= 10'}
    cpu: [x64]
    os: [freebsd]

  '@napi-rs/image-linux-arm-gnueabihf@1.15.0':
    resolution: {integrity: sha512-Pgnt8ekNnYmDX/dB2n+o3WABojL2u9vrceoSa85VFa1zs5fMy+k6z1UCjDgDwpQOSmq2AotTABedvL8vqZKDJA==}
    engines: {node: '>= 10'}
    cpu: [arm]
    os: [linux]

  '@napi-rs/image-linux-arm64-gnu@1.15.0':
    resolution: {integrity: sha512-/4XHp1GbXNfVmMQYmyUAErMBXaAxGF3JZnv+Q73P9jhEwfOvgl3CUTCZwZEivScIbVjdxrcQnlWw9xSzZXsx3w==}
    engines: {node: '>= 10'}
    cpu: [arm64]
    os: [linux]

  '@napi-rs/image-linux-arm64-musl@1.15.0':
    resolution: {integrity: sha512-jjqW0eg09OY2rYZl07tHNKKXqwwHNgeuwQyU2/1OX34qFoc1nfmITaud2WAuaAjmVnxbYpigs0JQiAHYTs0koA==}
    engines: {node: '>= 10'}
    cpu: [arm64]
    os: [linux]

  '@napi-rs/image-linux-x64-gnu@1.15.0':
    resolution: {integrity: sha512-IiayUG47OTY89iPLiN/wtnIwqOqtHbO1W/h5aZdSzfQa7Ke0NlNuUsE4qkbLIkInYyd7gWSs1GiX8+VpewIhZw==}
    engines: {node: '>= 10'}
    cpu: [x64]
    os: [linux]

  '@napi-rs/image-linux-x64-musl@1.15.0':
    resolution: {integrity: sha512-EqHJBpf+LXB47Andl5IWaP2Tdavb3ehH3a9/cLkBAZ3mW07h1PTnhNHtWbxP/O2RkBCr87gi92OVA+1J2KSJKg==}
    engines: {node: '>= 10'}
    cpu: [x64]
    os: [linux]

  '@napi-rs/image-win32-arm64-msvc@1.15.0':
    resolution: {integrity: sha512-n34XcQjrMAQZ8/O2uK/E+rqVo+G0h4Y6eDMvJduZWVL7c9fpcfiSWaUDdaw+6lz3RugauJ97ectCDk5LTlXnjg==}
    engines: {node: '>= 10'}
    cpu: [arm64]
    os: [win32]

  '@napi-rs/image-win32-ia32-msvc@1.15.0':
    resolution: {integrity: sha512-SOs9Mc5/7cMMu3vXl97SwvlG2l4jcACcLTcPotl6N3u/Vi8N6Qc6rnxqol2L5KRzLkmULgs3nNx/OqFEvpPpsg==}
    engines: {node: '>= 10'}
    cpu: [ia32]
    os: [win32]

  '@napi-rs/image-win32-x64-msvc@1.15.0':
    resolution: {integrity: sha512-3S4O+oJnLZ3MmWYhGLPwqlNoNLu2GP2ZIXlJrTXDvCqxq9Qpb4lh4ymAUKvztxkQn6CsPLUa4j2XR5GydFBrwg==}
    engines: {node: '>= 10'}
    cpu: [x64]
    os: [win32]

  '@napi-rs/image@1.15.0':
    resolution: {integrity: sha512-WtMwFCgKDPcWLKH3Ooy8pCTMmjwC3NNlBicb5Qaqx0PafOjbRQ/zx5ZEWlxnjTFfMWIW3ptskuX8wt4NXJvvVg==}
    engines: {node: '>= 10'}

  '@napi-rs/webcodecs-darwin-arm64@1.4.2':
    resolution: {integrity: sha512-mdRVrGTnmREcegTAqjQt9U0l0Fn0RYoR3ydQMPzYEB9+KDLSskEf+oUxoK/S0rkxsK03YTkb/UlgYEsV6EpPug==}
    engines: {node: ^22.20 || ^24.12 || >=25}
    cpu: [arm64]
    os: [darwin]

  '@napi-rs/webcodecs-darwin-x64@1.4.2':
    resolution: {integrity: sha512-Ltdf1Q7T6l/iLF8OJTaIo9xqHjasqlkR6bi5CTfYB7oozKd0+I98ZSSBkyGSNRRaMoMOGySYFeTwUIOwFhaH/g==}
    engines: {node: ^22.20 || ^24.12 || >=25}
    cpu: [x64]
    os: [darwin]

  '@napi-rs/webcodecs-linux-arm-gnueabihf@1.4.2':
    resolution: {integrity: sha512-QHgmYq5v1ErAk/g2NVngTtjrr+TuzAB+0ddHobKDzk4zEXWYAGN3MtP0fOm7lYoHLPm4vuJ1+hBcz8rdGLhwHg==}
    engines: {node: ^22.20 || ^24.12 || >=25}
    cpu: [arm]
    os: [linux]

  '@napi-rs/webcodecs-linux-arm64-gnu@1.4.2':
    resolution: {integrity: sha512-lLMU7NsVCvM56XxaAN6QGMb4KGlCE9P+1oFEUjFLMT1Tmguk2xOVXWiYC1Bm+vfnGLE3juzVocaO+6+WU04I8g==}
    engines: {node: ^22.20 || ^24.12 || >=25}
    cpu: [arm64]
    os: [linux]

  '@napi-rs/webcodecs-linux-arm64-musl@1.4.2':
    resolution: {integrity: sha512-EawvUnAX8WMv31PWPx6u+WglLbHCmqQWCRlMrjbmZJl7HekuYFePwM5WkSvhYyVrGuc3hXUXqhu4Zfs7Lh850g==}
    engines: {node: ^22.20 || ^24.12 || >=25}
    cpu: [arm64]
    os: [linux]

  '@napi-rs/webcodecs-linux-x64-gnu@1.4.2':
    resolution: {integrity: sha512-008pKr+CtfVPQfpPrvZDhd3KtcqEktM31o3EI4z5F14avFP/yohPILXm0mvzw4lFxq6QTsyfKtjnAA2kzFF1mw==}
    engines: {node: ^22.20 || ^24.12 || >=25}
    cpu: [x64]
    os: [linux]

  '@napi-rs/webcodecs-linux-x64-musl@1.4.2':
    resolution: {integrity: sha512-AABKEHbPeoWCFuwacbpVBv4g4GESCcm7J357DbMkK2XmzHf3N+lJjbLH6hEYBcEz46dXZX8yr9jRUTbSa+NoCA==}
    engines: {node: ^22.20 || ^24.12 || >=25}
    cpu: [x64]
    os: [linux]

  '@napi-rs/webcodecs-win32-arm64-msvc@1.4.2':
    resolution: {integrity: sha512-NPwZn6rGY8tDm51rn3f7rAYeuBr19xsXObhz3mEEXKS4iJw7DdD/sC9/pvShIRcjMsNWGRTHzuRauMnQINBFuA==}
    engines: {node: ^22.20 || ^24.12 || >=25}
    cpu: [arm64]
    os: [win32]

  '@napi-rs/webcodecs-win32-x64-msvc@1.4.2':
    resolution: {integrity: sha512-wwT8TZ0zDKefaBYCsGbOk1CTZAXMxC7k8xaY97e7+S/sD7rjvxXfK4DPjynSHSZwl/rowrGqmj/ib9dF/4K+BA==}
    engines: {node: ^22.20 || ^24.12 || >=25}
    cpu: [x64]
    os: [win32]

  '@napi-rs/webcodecs@1.4.2':
    resolution: {integrity: sha512-Dwz1nYx1ZZbzv9rhSuYcELJD7T+wS4vnoDBkSAVsKiCEYQ71lfJ2yv6gWSDoNnjjJd2Dp0P8CvzjFZBdZ4/M0Q==}
    engines: {node: ^22.20 || ^24.12 || >=25}
    peerDependencies:
      '@napi-rs/canvas': '>=0.1.0'
    peerDependenciesMeta:
      '@napi-rs/canvas':
        optional: true

  '@vue/compiler-core@3.5.43':
    resolution: {integrity: sha512-zdiLhnbe1QQqgDT8xZMpNmyqZ3qlI+/Q/FHQco57Kwl/b05HhCzN6eVGN9QU9rbga4CrS0H5SYY8VGHZCt/1Hg==}

  '@vue/compiler-dom@3.5.43':
    resolution: {integrity: sha512-PEZoAk3NQmsn/ejMzSOCyTYqwGqczrWm70PuhBKjjv1+TCoQAaO/zOqNwjV+honlNstT5ILxtc+8r8UUfj+iEQ==}

  '@vue/compiler-sfc@3.5.43':
    resolution: {integrity: sha512-FCbrG3XNCRl+js3huuKx4IVHBLTvMkJhVepjbxSPu1gn4yWLaYtGNQdjJGZaMytXB6qb76qQDDmDSLy/vkmleQ==}

  '@vue/compiler-ssr@3.5.43':
    resolution: {integrity: sha512-GF62orf7KiJX9RqrHNGrYBudsQGD0OhJ5nDs90O8UiDuS40+YMYomiXu6w6EuvtXuRDc3MSNis3EaaSKAVSWpg==}

  '@vue/reactivity@3.5.43':
    resolution: {integrity: sha512-G/c9GyOZNI2jVaaS6OX1EF1SSFSv7H0ERqNTl4+DTFMlZmB5eVAB53aLQNam/7NL2NPtaDD7RdVrzf8uJzMuOA==}

  '@vue/runtime-core@3.5.43':
    resolution: {integrity: sha512-hU6U6VnVhBGQDpvlnnDlIB8ZGJBiOcgk2lh/0InltHiz3D8oSkluvuvY+do1G2H3+udeKFsmaBlgVYP7gXQzEw==}

  '@vue/runtime-dom@3.5.43':
    resolution: {integrity: sha512-Bb2Jc0YjjJdMt1SJmb9b2L/IWd3I8lIT9x9eS/xvvP9CiVgna0ffua74xKRmt4/uSJ+0r4iN8ex1jrqkhQGWQw==}

  '@vue/server-renderer@3.5.43':
    resolution: {integrity: sha512-l2Ygjv9NehV94PSBxNWsAHC0j/eIIKbn92mBuWXAPGLnn6HfJ6MH5ubsd+Nk0YoZ5FRuxWI1P2VSoh+dbPQhCQ==}

  '@vue/shared@3.5.43':
    resolution: {integrity: sha512-uksS7YGMR5NZyr4JNq0Rp+QyLns0ueaz20KwzIPW9R0LH1Vnt4E+XUM29PNseEbf1www2gOuhuDi5AKOIXag9Q==}

  chalk@5.6.2:
    resolution: {integrity: sha512-7NzBL0rN6fMUW+f7A6Io4h40qQlG+xGmtMxfbnH/K7TAtt8JQWVQK+6g0UXKMeVJoyV5EkkNsErQ8pVD3bLHbA==}
    engines: {node: ^12.17.0 || ^14.13 || >=16.0.0}

  cron-parser@4.9.0:
    resolution: {integrity: sha512-p0SaNjrHOnQeR8/VnfGbmg9te2kfyYSQ7Sc/j/6DtPL3JQvKxmjO9TSjNFpujqV3vEYYBvNNvXSxzyksBWAx1Q==}
    engines: {node: '>=12.0.0'}
    deprecated: v4 is no longer maintained, upgrade to v5

  csstype@3.2.3:
    resolution: {integrity: sha512-z1HGKcYy2xA8AGQfwrn0PAy+PB7X/GSj3UVJW9qKyn43xWa+gl5nXmU4qqLMRzWVLFC8KusUX8T/0kCiOYpAIQ==}

  dayjs@1.11.21:
    resolution: {integrity: sha512-98IT+HOahAisibz/yjKbzuOBwYcjJ7BCLPzARyHiyEBmRz4fatF+KPJszEHXsGYjUG234aH/cOjW1wwTbKUZlA==}

  douyin.ts@0.6.2:
    resolution: {integrity: sha512-I4Zq4oY+8tA0B9Rd7PZc77qS2hdBLdLPrkJk0RbwARkeb4lVD1SkQJlQEi1X5elLV1Rym9HTiMQ8Dv7YSh1b0Q==}
    engines: {node: '>=20'}

  entities@7.0.1:
    resolution: {integrity: sha512-TWrgLOFUQTH994YUyl1yT4uyavY5nNB5muff+RtWaqNVCAK408b5ZnnbNAUEWLTCpum9w6arT70i1XdQ4UeOPA==}
    engines: {node: '>=0.12'}

  estree-walker@2.0.2:
    resolution: {integrity: sha512-Rfkk/Mp/DL7JVje3u18FxFujQlTNR2q6QfMSMB7AvCBx91NGj/ba3kCfza0f6dVDbw7YlRf/nDrn7pQrCCyQ/w==}

  long-timeout@0.1.1:
    resolution: {integrity: sha512-BFRuQUqc7x2NWxfJBCyUrN8iYUYznzL9JROmRz1gZ6KlOIgmoD+njPVbb+VNn2nGMKggMsK79iUNErillsrx7w==}

  long@5.3.2:
    resolution: {integrity: sha512-mNAgZ1GmyNhD7AuqnTG3/VQ26o760+ZYBPKjPvugO8+nLbYfX6TVpJPseBvopbdY+qpZ/lKUnmEc1LeZYS3QAA==}

  luxon@3.7.2:
    resolution: {integrity: sha512-vtEhXh/gNjI9Yg1u4jX/0YVPMvxzHuGgCm6tC5kZyb08yjGWGnqAjGJvcXbqQR2P3MyMEFnRbpcdFS6PBcLqew==}
    engines: {node: '>=12'}

  magic-string@0.30.21:
    resolution: {integrity: sha512-vd2F4YUyEXKGcLHoq+TEyCjxueSeHnFxyyjNp80yg0XV4vUhnDer/lvvlqM/arB5bXQN5K2/3oinyCRyx8T2CQ==}

  nanoid@3.3.20:
    resolution: {integrity: sha512-uKdg2G3GNCKQn9byYOpxbGqrT2fGO5KRt5J/8b3pok8rT6qxGWF6hxMyJiEYtAf+FVyYuD9hRaDqX5uPFYJ4ZQ==}
    engines: {node: ^10 || ^12 || ^13.7 || ^14 || >=15.0.1}
    hasBin: true

  node-schedule@2.1.1:
    resolution: {integrity: sha512-OXdegQq03OmXEjt2hZP33W2YPs/E5BcFQks46+G2gAxs4gHOIVD1u7EqlYLYSKsaIpyKCK9Gbk0ta1/gjRSMRQ==}
    engines: {node: '>=6'}

  nodemailer@7.0.13:
    resolution: {integrity: sha512-PNDFSJdP+KFgdsG3ZzMXCgquO7I6McjY2vlqILjtJd0hy8wEvtugS9xKRF2NWlPNGxvLCXlTNIae4serI7dinw==}
    engines: {node: '>=6.0.0'}

  picocolors@1.1.1:
    resolution: {integrity: sha512-xceH2snhtb5M9liqDsmEw56le376mTZkEX/jEb/RxNFyegNul7eNslCXP9FDj/Lcu0X8KEyMceP2ntpaHrDEVA==}

  postcss@8.5.29:
    resolution: {integrity: sha512-49cGhUbXj8Qenv0iTMxA1cFBzxXoctpC9Ujd77t1WcbJIr6nF/eI7g/8MgxrYldFRuAXvja7xQRwavoW7kgrxQ==}
    engines: {node: ^10 || ^12 || >=14}

  protobufjs@8.8.0:
    resolution: {integrity: sha512-N3xhQ5yyBx3vQq4gubBfASzYhJGNzeDbjqBpu61g7UVylsN/qyffU96TKWD3GbbLOKF82VGNRNvv1+BFgE31Eg==}
    engines: {node: '>=12.0.0'}

  sorted-array-functions@1.3.0:
    resolution: {integrity: sha512-2sqgzeFlid6N4Z2fUQ1cvFmTOLRi/sEDzSQ0OKYchqgoPmQBVyM3959qYx3fpS6Esef80KjmpgPeEr028dP3OA==}

  source-map-js@1.2.2:
    resolution: {integrity: sha512-KGj/8Y43x35aZVDtt+J4mK1hoLGHULMYfSkODJNQjNDC3oW1PqPoxMwo0pLUsWM/UEGzON/NxeHywEfNXNP3Vw==}
    engines: {node: '>=0.10.0'}

  sql.js@1.14.2:
    resolution: {integrity: sha512-3ZGPovObMFrdw79zrUHbfdE/DLIsy8jdNdssmMSQuRAymedU6q84asPt0kgiqrdMYlPegDItiIMfmIXzZnYFcw==}

  vue@3.5.43:
    resolution: {integrity: sha512-o5qZoksdnjIKvW1srZ3ab7pcDNYAerBjRe54D0LBLfRdCYFrSgBHVXokMas35czQc0//lmx4/tuY4ZNQ+Rf2Ng==}
    peerDependencies:
      typescript: '*'
    peerDependenciesMeta:
      typescript:
        optional: true

  ws@8.22.0:
    resolution: {integrity: sha512-Ydggc987+RO0AnWtZ/7Wq9FtNvcrL1b/RO0ud9mWjUPgDrsAAwQSF51sm2hm1XofbU/4jkpGEsLFsZZxU+1DOg==}
    engines: {node: '>=10.0.0'}
    peerDependencies:
      bufferutil: ^4.0.1
      utf-8-validate: '>=5.0.2'
    peerDependenciesMeta:
      bufferutil:
        optional: true
      utf-8-validate:
        optional: true

  yaml@2.9.1:
    resolution: {integrity: sha512-3NxN8+78OdzbT7C/WjGsyfPAtJaN3FNDsWxv7Y7mcDsT/oOmgW8BpyQQFFBnvZE3j9Y2Sdz1ULFLezL7Eb2yFw==}
    engines: {node: '>= 14.6'}
    hasBin: true

snapshots:

  '@babel/helper-string-parser@7.29.7': {}

  '@babel/helper-validator-identifier@7.29.7': {}

  '@babel/parser@7.29.9':
    dependencies:
      '@babel/types': 7.29.8

  '@babel/types@7.29.8':
    dependencies:
      '@babel/helper-string-parser': 7.29.7
      '@babel/helper-validator-identifier': 7.29.7

  '@jridgewell/sourcemap-codec@1.6.0': {}

  '@napi-rs/image-android-arm64@1.15.0':
    optional: true

  '@napi-rs/image-darwin-arm64@1.15.0':
    optional: true

  '@napi-rs/image-darwin-x64@1.15.0':
    optional: true

  '@napi-rs/image-freebsd-x64@1.15.0':
    optional: true

  '@napi-rs/image-linux-arm-gnueabihf@1.15.0':
    optional: true

  '@napi-rs/image-linux-arm64-gnu@1.15.0':
    optional: true

  '@napi-rs/image-linux-arm64-musl@1.15.0':
    optional: true

  '@napi-rs/image-linux-x64-gnu@1.15.0':
    optional: true

  '@napi-rs/image-linux-x64-musl@1.15.0':
    optional: true

  '@napi-rs/image-win32-arm64-msvc@1.15.0':
    optional: true

  '@napi-rs/image-win32-ia32-msvc@1.15.0':
    optional: true

  '@napi-rs/image-win32-x64-msvc@1.15.0':
    optional: true

  '@napi-rs/image@1.15.0':
    optionalDependencies:
      '@napi-rs/image-android-arm64': 1.15.0
      '@napi-rs/image-darwin-arm64': 1.15.0
      '@napi-rs/image-darwin-x64': 1.15.0
      '@napi-rs/image-freebsd-x64': 1.15.0
      '@napi-rs/image-linux-arm-gnueabihf': 1.15.0
      '@napi-rs/image-linux-arm64-gnu': 1.15.0
      '@napi-rs/image-linux-arm64-musl': 1.15.0
      '@napi-rs/image-linux-x64-gnu': 1.15.0
      '@napi-rs/image-linux-x64-musl': 1.15.0
      '@napi-rs/image-win32-arm64-msvc': 1.15.0
      '@napi-rs/image-win32-ia32-msvc': 1.15.0
      '@napi-rs/image-win32-x64-msvc': 1.15.0

  '@napi-rs/webcodecs-darwin-arm64@1.4.2':
    optional: true

  '@napi-rs/webcodecs-darwin-x64@1.4.2':
    optional: true

  '@napi-rs/webcodecs-linux-arm-gnueabihf@1.4.2':
    optional: true

  '@napi-rs/webcodecs-linux-arm64-gnu@1.4.2':
    optional: true

  '@napi-rs/webcodecs-linux-arm64-musl@1.4.2':
    optional: true

  '@napi-rs/webcodecs-linux-x64-gnu@1.4.2':
    optional: true

  '@napi-rs/webcodecs-linux-x64-musl@1.4.2':
    optional: true

  '@napi-rs/webcodecs-win32-arm64-msvc@1.4.2':
    optional: true

  '@napi-rs/webcodecs-win32-x64-msvc@1.4.2':
    optional: true

  '@napi-rs/webcodecs@1.4.2':
    optionalDependencies:
      '@napi-rs/webcodecs-darwin-arm64': 1.4.2
      '@napi-rs/webcodecs-darwin-x64': 1.4.2
      '@napi-rs/webcodecs-linux-arm-gnueabihf': 1.4.2
      '@napi-rs/webcodecs-linux-arm64-gnu': 1.4.2
      '@napi-rs/webcodecs-linux-arm64-musl': 1.4.2
      '@napi-rs/webcodecs-linux-x64-gnu': 1.4.2
      '@napi-rs/webcodecs-linux-x64-musl': 1.4.2
      '@napi-rs/webcodecs-win32-arm64-msvc': 1.4.2
      '@napi-rs/webcodecs-win32-x64-msvc': 1.4.2

  '@vue/compiler-core@3.5.43':
    dependencies:
      '@babel/parser': 7.29.9
      '@vue/shared': 3.5.43
      entities: 7.0.1
      estree-walker: 2.0.2
      source-map-js: 1.2.2

  '@vue/compiler-dom@3.5.43':
    dependencies:
      '@vue/compiler-core': 3.5.43
      '@vue/shared': 3.5.43

  '@vue/compiler-sfc@3.5.43':
    dependencies:
      '@babel/parser': 7.29.9
      '@vue/compiler-core': 3.5.43
      '@vue/compiler-dom': 3.5.43
      '@vue/compiler-ssr': 3.5.43
      '@vue/shared': 3.5.43
      estree-walker: 2.0.2
      magic-string: 0.30.21
      postcss: 8.5.29
      source-map-js: 1.2.2

  '@vue/compiler-ssr@3.5.43':
    dependencies:
      '@vue/compiler-dom': 3.5.43
      '@vue/shared': 3.5.43

  '@vue/reactivity@3.5.43':
    dependencies:
      '@vue/shared': 3.5.43

  '@vue/runtime-core@3.5.43':
    dependencies:
      '@vue/reactivity': 3.5.43
      '@vue/shared': 3.5.43

  '@vue/runtime-dom@3.5.43':
    dependencies:
      '@vue/reactivity': 3.5.43
      '@vue/runtime-core': 3.5.43
      '@vue/shared': 3.5.43
      csstype: 3.2.3

  '@vue/server-renderer@3.5.43':
    dependencies:
      '@vue/compiler-ssr': 3.5.43
      '@vue/runtime-dom': 3.5.43
      '@vue/shared': 3.5.43

  '@vue/shared@3.5.43': {}

  chalk@5.6.2: {}

  cron-parser@4.9.0:
    dependencies:
      luxon: 3.7.2

  csstype@3.2.3: {}

  dayjs@1.11.21: {}

  douyin.ts@0.6.2:
    dependencies:
      '@napi-rs/image': 1.15.0
      '@napi-rs/webcodecs': 1.4.2
      protobufjs: 8.8.0
      vue: 3.5.43
      ws: 8.22.0
    transitivePeerDependencies:
      - '@napi-rs/canvas'
      - bufferutil
      - typescript
      - utf-8-validate

  entities@7.0.1: {}

  estree-walker@2.0.2: {}

  long-timeout@0.1.1: {}

  long@5.3.2: {}

  luxon@3.7.2: {}

  magic-string@0.30.21:
    dependencies:
      '@jridgewell/sourcemap-codec': 1.6.0

  nanoid@3.3.20: {}

  node-schedule@2.1.1:
    dependencies:
      cron-parser: 4.9.0
      long-timeout: 0.1.1
      sorted-array-functions: 1.3.0

  nodemailer@7.0.13: {}

  picocolors@1.1.1: {}

  postcss@8.5.29:
    dependencies:
      nanoid: 3.3.20
      picocolors: 1.1.1
      source-map-js: 1.2.2

  protobufjs@8.8.0:
    dependencies:
      long: 5.3.2

  sorted-array-functions@1.3.0: {}

  source-map-js@1.2.2: {}

  sql.js@1.14.2: {}

  vue@3.5.43:
    dependencies:
      '@vue/compiler-dom': 3.5.43
      '@vue/compiler-sfc': 3.5.43
      '@vue/runtime-dom': 3.5.43
      '@vue/server-renderer': 3.5.43
      '@vue/shared': 3.5.43

  ws@8.22.0: {}

  yaml@2.9.1: {}
